
Microsoft Visual Studio Solution File, Format Version 12.00
# Visual Studio Version 17
VisualStudioVersion = 17.4.33213.308
MinimumVisualStudioVersion = 10.0.40219.1
Project("{9A19103F-16F7-4668-BE54-9A1E7A4F7556}") = "restapi", "restapi\restapi.csproj", "{228A66B7-27DC-4C94-ADB5-E9E64716F222}"
EndProject
Project("{FAE04EC0-301F-11D3-BF4B-00C04F79EFBC}") = "GameItemsBlazor", "GameItemsBlazor\GameItemsBlazor.csproj", "{0BBC477B-AE94-42B8-A7DE-B1B06F86F7CF}"
EndProject
Global
	GlobalSection(SolutionConfigurationPlatforms) = preSolution
		Debug|Any CPU = Debug|Any CPU
		Release|Any CPU = Release|Any CPU
	EndGlobalSection
	GlobalSection(ProjectConfigurationPlatforms) = postSolution
		{228A66B7-27DC-4C94-ADB5-E9E64716F222}.Debug|Any CPU.ActiveCfg = Debug|Any CPU
		{228A66B7-27DC-4C94-ADB5-E9E64716F222}.Debug|Any CPU.Build.0 = Debug|Any CPU
		{228A66B7-27DC-4C94-ADB5-E9E64716F222}.Release|Any CPU.ActiveCfg = Release|Any CPU
		{228A66B7-27DC-4C94-ADB5-E9E64716F222}.Release|Any CPU.Build.0 = Release|Any CPU
		{0BBC477B-AE94-42B8-A7DE-B1B06F86F7CF}.Debug|Any CPU.ActiveCfg = Debug|Any CPU
		{0BBC477B-AE94-42B8-A7DE-B1B06F86F7CF}.Debug|Any CPU.Build.0 = Debug|Any CPU
		{0BBC477B-AE94-42B8-A7DE-B1B06F86F7CF}.Release|Any CPU.ActiveCfg = Release|Any CPU
		{0BBC477B-AE94-42B8-A7DE-B1B06F86F7CF}.Release|Any CPU.Build.0 = Release|Any CPU
	EndGlobalSection
	GlobalSection(SolutionProperties) = preSolution
		HideSolutionNode = FALSE
	EndGlobalSection
	GlobalSection(ExtensibilityGlobals) = postSolution
		SolutionGuid = {C92B0D33-25CC-4389-AD38-BDBBD72CBC04}
	EndGlobalSection
EndGlobal
